
Microsoft Visual Studio Solution File, Format Version 12.00
# Visual Studio Version 16
VisualStudioVersion = 16.0.30503.244
MinimumVisualStudioVersion = 10.0.40219.1
Project("{FAE04EC0-301F-11D3-BF4B-00C04F79EFBC}") = "HashTableProgram", "HashTableProgram\HashTableProgram.csproj", "{6FAB33BB-A90C-4AC1-82FD-9DA149DA8437}"
EndProject
Global
	GlobalSection(SolutionConfigurationPlatforms) = preSolution
		Debug|Any CPU = Debug|Any CPU
		Release|Any CPU = Release|Any CPU
	EndGlobalSection
	GlobalSection(ProjectConfigurationPlatforms) = postSolution
		{6FAB33BB-A90C-4AC1-82FD-9DA149DA8437}.Debug|Any CPU.ActiveCfg = Debug|Any CPU
		{6FAB33BB-A90C-4AC1-82FD-9DA149DA8437}.Debug|Any CPU.Build.0 = Debug|Any CPU
		{6FAB33BB-A90C-4AC1-82FD-9DA149DA8437}.Release|Any CPU.ActiveCfg = Release|Any CPU
		{6FAB33BB-A90C-4AC1-82FD-9DA149DA8437}.Release|Any CPU.Build.0 = Release|Any CPU
	EndGlobalSection
	GlobalSection(SolutionProperties) = preSolution
		HideSolutionNode = FALSE
	EndGlobalSection
	GlobalSection(ExtensibilityGlobals) = postSolution
		SolutionGuid = {3CE15CE2-FBA8-47A5-B791-9C6F3E975007}
	EndGlobalSection
EndGlobal
